
Microsoft Visual Studio Solution File, Format Version 12.00
# Visual Studio Version 16
VisualStudioVersion = 16.0.30320.27
MinimumVisualStudioVersion = 10.0.40219.1
Project("{FAE04EC0-301F-11D3-BF4B-00C04F79EFBC}") = "CMSTechnical", "CMSTechnical\CMSTechnical.csproj", "{20B02F19-73F0-4D33-AEC8-FB08C248035F}"
EndProject
Project("{FAE04EC0-301F-11D3-BF4B-00C04F79EFBC}") = "CMSTechnical.Test", "CMSTechnical.Test\CMSTechnical.Test.csproj", "{7DAA7342-E70D-443A-8142-770CB743C008}"
EndProject
Global
	GlobalSection(SolutionConfigurationPlatforms) = preSolution
		Debug|Any CPU = Debug|Any CPU
		Release|Any CPU = Release|Any CPU
	EndGlobalSection
	GlobalSection(ProjectConfigurationPlatforms) = postSolution
		{20B02F19-73F0-4D33-AEC8-FB08C248035F}.Debug|Any CPU.ActiveCfg = Debug|Any CPU
		{20B02F19-73F0-4D33-AEC8-FB08C248035F}.Debug|Any CPU.Build.0 = Debug|Any CPU
		{20B02F19-73F0-4D33-AEC8-FB08C248035F}.Release|Any CPU.ActiveCfg = Release|Any CPU
		{20B02F19-73F0-4D33-AEC8-FB08C248035F}.Release|Any CPU.Build.0 = Release|Any CPU
		{7DAA7342-E70D-443A-8142-770CB743C008}.Debug|Any CPU.ActiveCfg = Debug|Any CPU
		{7DAA7342-E70D-443A-8142-770CB743C008}.Debug|Any CPU.Build.0 = Debug|Any CPU
		{7DAA7342-E70D-443A-8142-770CB743C008}.Release|Any CPU.ActiveCfg = Release|Any CPU
		{7DAA7342-E70D-443A-8142-770CB743C008}.Release|Any CPU.Build.0 = Release|Any CPU
	EndGlobalSection
	GlobalSection(SolutionProperties) = preSolution
		HideSolutionNode = FALSE
	EndGlobalSection
	GlobalSection(ExtensibilityGlobals) = postSolution
		SolutionGuid = {01FEF2A9-4A44-4A2C-8D0B-A09051A9FEE5}
	EndGlobalSection
EndGlobal
